
Microsoft Visual Studio Solution File, Format Version 12.00
# Visual Studio Version 17
VisualStudioVersion = 17.2.32616.157
MinimumVisualStudioVersion = 10.0.40219.1
Project("{FAE04EC0-301F-11D3-BF4B-00C04F79EFBC}") = "BMI-2", "BMI-2\BMI-2.csproj", "{190932C8-4A72-4324-A3C5-70BCC3C30A56}"
EndProject
Global
	GlobalSection(SolutionConfigurationPlatforms) = preSolution
		Debug|Any CPU = Debug|Any CPU
		Release|Any CPU = Release|Any CPU
	EndGlobalSection
	GlobalSection(ProjectConfigurationPlatforms) = postSolution
		{190932C8-4A72-4324-A3C5-70BCC3C30A56}.Debug|Any CPU.ActiveCfg = Debug|Any CPU
		{190932C8-4A72-4324-A3C5-70BCC3C30A56}.Debug|Any CPU.Build.0 = Debug|Any CPU
		{190932C8-4A72-4324-A3C5-70BCC3C30A56}.Release|Any CPU.ActiveCfg = Release|Any CPU
		{190932C8-4A72-4324-A3C5-70BCC3C30A56}.Release|Any CPU.Build.0 = Release|Any CPU
	EndGlobalSection
	GlobalSection(SolutionProperties) = preSolution
		HideSolutionNode = FALSE
	EndGlobalSection
	GlobalSection(ExtensibilityGlobals) = postSolution
		SolutionGuid = {4E8B9714-9360-4ABB-BB11-BAF9B1C4622D}
	EndGlobalSection
EndGlobal
